{
  "name": "wow-sim",
  "lockfileVersion": 3,
  "requires": true,
  "packages": {
    "": {
      "name": "wow-sim",
      "workspaces": [
        "packages/*"
      ],
      "engines": {
        "node": ">=22"
      }
    },
    "node_modules/@wow-sim/sim-core": {
      "resolved": "packages/sim-core",
      "link": true
    },
    "packages/sim-core": {
      "name": "@wow-sim/sim-core",
      "version": "0.1.0"
    }
  }
}
